
Microsoft Visual Studio Solution File, Format Version 12.00
# Visual Studio 15
Project("{FAE04EC0-301F-11D3-BF4B-00C04F79EFBC}") = "Ink-Libraries", "Ink-Libraries.csproj", "{4A6BF160-2433-4614-F801-42CF9B99C090}"
EndProject
Project("{FAE04EC0-301F-11D3-BF4B-00C04F79EFBC}") = "Assembly-CSharp", "Assembly-CSharp.csproj", "{4EAB68AA-93C2-E750-C7CE-1743F45835EE}"
EndProject
Project("{FAE04EC0-301F-11D3-BF4B-00C04F79EFBC}") = "InkEditor", "InkEditor.csproj", "{FD009A54-642F-B40F-5826-017744E822FB}"
EndProject
Project("{FAE04EC0-301F-11D3-BF4B-00C04F79EFBC}") = "Assembly-CSharp-Editor", "Assembly-CSharp-Editor.csproj", "{C6B3D0D2-1965-5ECA-77BD-611B3914CF1D}"
EndProject
Global
	GlobalSection(SolutionConfigurationPlatforms) = preSolution
		Debug|Any CPU = Debug|Any CPU
		Release|Any CPU = Release|Any CPU
	EndGlobalSection
	GlobalSection(ProjectConfigurationPlatforms) = postSolution
		{4A6BF160-2433-4614-F801-42CF9B99C090}.Debug|Any CPU.ActiveCfg = Debug|Any CPU
		{4A6BF160-2433-4614-F801-42CF9B99C090}.Debug|Any CPU.Build.0 = Debug|Any CPU
		{4A6BF160-2433-4614-F801-42CF9B99C090}.Release|Any CPU.ActiveCfg = Release|Any CPU
		{4A6BF160-2433-4614-F801-42CF9B99C090}.Release|Any CPU.Build.0 = Release|Any CPU
		{4EAB68AA-93C2-E750-C7CE-1743F45835EE}.Debug|Any CPU.ActiveCfg = Debug|Any CPU
		{4EAB68AA-93C2-E750-C7CE-1743F45835EE}.Debug|Any CPU.Build.0 = Debug|Any CPU
		{4EAB68AA-93C2-E750-C7CE-1743F45835EE}.Release|Any CPU.ActiveCfg = Release|Any CPU
		{4EAB68AA-93C2-E750-C7CE-1743F45835EE}.Release|Any CPU.Build.0 = Release|Any CPU
		{FD009A54-642F-B40F-5826-017744E822FB}.Debug|Any CPU.ActiveCfg = Debug|Any CPU
		{FD009A54-642F-B40F-5826-017744E822FB}.Debug|Any CPU.Build.0 = Debug|Any CPU
		{FD009A54-642F-B40F-5826-017744E822FB}.Release|Any CPU.ActiveCfg = Release|Any CPU
		{FD009A54-642F-B40F-5826-017744E822FB}.Release|Any CPU.Build.0 = Release|Any CPU
		{C6B3D0D2-1965-5ECA-77BD-611B3914CF1D}.Debug|Any CPU.ActiveCfg = Debug|Any CPU
		{C6B3D0D2-1965-5ECA-77BD-611B3914CF1D}.Debug|Any CPU.Build.0 = Debug|Any CPU
		{C6B3D0D2-1965-5ECA-77BD-611B3914CF1D}.Release|Any CPU.ActiveCfg = Release|Any CPU
		{C6B3D0D2-1965-5ECA-77BD-611B3914CF1D}.Release|Any CPU.Build.0 = Release|Any CPU
	EndGlobalSection
	GlobalSection(SolutionProperties) = preSolution
		HideSolutionNode = FALSE
	EndGlobalSection
EndGlobal
